
Microsoft Visual Studio Solution File, Format Version 12.00
# Visual Studio Version 17
VisualStudioVersion = 17.10.35027.167
MinimumVisualStudioVersion = 10.0.40219.1
Project("{2150E333-8FDC-42A3-9474-1A3956D46DE8}") = "src", "src", "{2CE2B530-900C-4AA2-A936-8014F7E0D96B}"
EndProject
Project("{2150E333-8FDC-42A3-9474-1A3956D46DE8}") = "1 - Api", "1 - Api", "{B9B0A4F1-7D91-430E-B363-4337B35C2805}"
EndProject
Project("{2150E333-8FDC-42A3-9474-1A3956D46DE8}") = "2 - Application", "2 - Application", "{EA38E17B-1218-452D-9A2E-20B5A3E538B0}"
EndProject
Project("{2150E333-8FDC-42A3-9474-1A3956D46DE8}") = "4 - Domain", "4 - Domain", "{C8ED592D-799F-4122-A9B6-F6AA2CFC7991}"
EndProject
Project("{2150E333-8FDC-42A3-9474-1A3956D46DE8}") = "5 - Infra", "5 - Infra", "{08EFC3D8-CABB-4162-8D52-4AA5CDAD895B}"
EndProject
Project("{9A19103F-16F7-4668-BE54-9A1E7A4F7556}") = "Api", "Api\Api.csproj", "{7D27250E-EA10-4924-91FB-87B310BEB030}"
EndProject
Project("{9A19103F-16F7-4668-BE54-9A1E7A4F7556}") = "Crosscutting", "Crosscutting\Crosscutting.csproj", "{AECF2957-4B61-43FF-B7C6-A1B848929554}"
EndProject
Project("{9A19103F-16F7-4668-BE54-9A1E7A4F7556}") = "Data", "Data\Data.csproj", "{3ED56709-084F-406E-B21F-72DB7D976F3A}"
EndProject
Project("{9A19103F-16F7-4668-BE54-9A1E7A4F7556}") = "IoC", "IoC\IoC.csproj", "{85746D79-8648-4A2B-9014-F3D8C60D4515}"
EndProject
Project("{9A19103F-16F7-4668-BE54-9A1E7A4F7556}") = "Domain", "Domain\Domain.csproj", "{599618E7-6288-445E-ADA9-F4B1D0211D8D}"
EndProject
Project("{9A19103F-16F7-4668-BE54-9A1E7A4F7556}") = "Application", "Application\Application.csproj", "{4F0BD11E-3C17-4B89-B09F-3921DDEF869A}"
EndProject
Project("{E53339B2-1760-4266-BCC7-CA923CBCF16C}") = "docker-compose", "docker-compose.dcproj", "{B5C9F0F4-AF6B-44B1-9C81-695B6EBE30C7}"
EndProject
Global
	GlobalSection(SolutionConfigurationPlatforms) = preSolution
		Debug|Any CPU = Debug|Any CPU
		Release|Any CPU = Release|Any CPU
	EndGlobalSection
	GlobalSection(ProjectConfigurationPlatforms) = postSolution
		{7D27250E-EA10-4924-91FB-87B310BEB030}.Debug|Any CPU.ActiveCfg = Debug|Any CPU
		{7D27250E-EA10-4924-91FB-87B310BEB030}.Debug|Any CPU.Build.0 = Debug|Any CPU
		{7D27250E-EA10-4924-91FB-87B310BEB030}.Release|Any CPU.ActiveCfg = Release|Any CPU
		{7D27250E-EA10-4924-91FB-87B310BEB030}.Release|Any CPU.Build.0 = Release|Any CPU
		{AECF2957-4B61-43FF-B7C6-A1B848929554}.Debug|Any CPU.ActiveCfg = Debug|Any CPU
		{AECF2957-4B61-43FF-B7C6-A1B848929554}.Debug|Any CPU.Build.0 = Debug|Any CPU
		{AECF2957-4B61-43FF-B7C6-A1B848929554}.Release|Any CPU.ActiveCfg = Release|Any CPU
		{AECF2957-4B61-43FF-B7C6-A1B848929554}.Release|Any CPU.Build.0 = Release|Any CPU
		{3ED56709-084F-406E-B21F-72DB7D976F3A}.Debug|Any CPU.ActiveCfg = Debug|Any CPU
		{3ED56709-084F-406E-B21F-72DB7D976F3A}.Debug|Any CPU.Build.0 = Debug|Any CPU
		{3ED56709-084F-406E-B21F-72DB7D976F3A}.Release|Any CPU.ActiveCfg = Release|Any CPU
		{3ED56709-084F-406E-B21F-72DB7D976F3A}.Release|Any CPU.Build.0 = Release|Any CPU
		{85746D79-8648-4A2B-9014-F3D8C60D4515}.Debug|Any CPU.ActiveCfg = Debug|Any CPU
		{85746D79-8648-4A2B-9014-F3D8C60D4515}.Debug|Any CPU.Build.0 = Debug|Any CPU
		{85746D79-8648-4A2B-9014-F3D8C60D4515}.Release|Any CPU.ActiveCfg = Release|Any CPU
		{85746D79-8648-4A2B-9014-F3D8C60D4515}.Release|Any CPU.Build.0 = Release|Any CPU
		{599618E7-6288-445E-ADA9-F4B1D0211D8D}.Debug|Any CPU.ActiveCfg = Debug|Any CPU
		{599618E7-6288-445E-ADA9-F4B1D0211D8D}.Debug|Any CPU.Build.0 = Debug|Any CPU
		{599618E7-6288-445E-ADA9-F4B1D0211D8D}.Release|Any CPU.ActiveCfg = Release|Any CPU
		{599618E7-6288-445E-ADA9-F4B1D0211D8D}.Release|Any CPU.Build.0 = Release|Any CPU
		{4F0BD11E-3C17-4B89-B09F-3921DDEF869A}.Debug|Any CPU.ActiveCfg = Debug|Any CPU
		{4F0BD11E-3C17-4B89-B09F-3921DDEF869A}.Debug|Any CPU.Build.0 = Debug|Any CPU
		{4F0BD11E-3C17-4B89-B09F-3921DDEF869A}.Release|Any CPU.ActiveCfg = Release|Any CPU
		{4F0BD11E-3C17-4B89-B09F-3921DDEF869A}.Release|Any CPU.Build.0 = Release|Any CPU
		{B5C9F0F4-AF6B-44B1-9C81-695B6EBE30C7}.Debug|Any CPU.ActiveCfg = Debug|Any CPU
		{B5C9F0F4-AF6B-44B1-9C81-695B6EBE30C7}.Debug|Any CPU.Build.0 = Debug|Any CPU
		{B5C9F0F4-AF6B-44B1-9C81-695B6EBE30C7}.Release|Any CPU.ActiveCfg = Release|Any CPU
		{B5C9F0F4-AF6B-44B1-9C81-695B6EBE30C7}.Release|Any CPU.Build.0 = Release|Any CPU
	EndGlobalSection
	GlobalSection(SolutionProperties) = preSolution
		HideSolutionNode = FALSE
	EndGlobalSection
	GlobalSection(NestedProjects) = preSolution
		{B9B0A4F1-7D91-430E-B363-4337B35C2805} = {2CE2B530-900C-4AA2-A936-8014F7E0D96B}
		{EA38E17B-1218-452D-9A2E-20B5A3E538B0} = {2CE2B530-900C-4AA2-A936-8014F7E0D96B}
		{C8ED592D-799F-4122-A9B6-F6AA2CFC7991} = {2CE2B530-900C-4AA2-A936-8014F7E0D96B}
		{08EFC3D8-CABB-4162-8D52-4AA5CDAD895B} = {2CE2B530-900C-4AA2-A936-8014F7E0D96B}
		{7D27250E-EA10-4924-91FB-87B310BEB030} = {B9B0A4F1-7D91-430E-B363-4337B35C2805}
		{AECF2957-4B61-43FF-B7C6-A1B848929554} = {08EFC3D8-CABB-4162-8D52-4AA5CDAD895B}
		{3ED56709-084F-406E-B21F-72DB7D976F3A} = {08EFC3D8-CABB-4162-8D52-4AA5CDAD895B}
		{85746D79-8648-4A2B-9014-F3D8C60D4515} = {08EFC3D8-CABB-4162-8D52-4AA5CDAD895B}
		{599618E7-6288-445E-ADA9-F4B1D0211D8D} = {C8ED592D-799F-4122-A9B6-F6AA2CFC7991}
		{4F0BD11E-3C17-4B89-B09F-3921DDEF869A} = {EA38E17B-1218-452D-9A2E-20B5A3E538B0}
	EndGlobalSection
	GlobalSection(ExtensibilityGlobals) = postSolution
		SolutionGuid = {E92157A9-5B03-44AA-A1DB-5723B0361866}
	EndGlobalSection
EndGlobal
